// !$*UTF8*$!
{
	archiveVersion = 1;
	classes = {
	};
	objectVersion = 48;
	objects = {

/* Begin PBXBuildFile section */
		1B20FE151F80F6C20001D2F3 /* AppDelegate.m in Sources */ = {isa = PBXBuildFile; fileRef = 1B20FE141F80F6C20001D2F3 /* AppDelegate.m */; };
		1B20FE181F80F6C20001D2F3 /* ViewController.m in Sources */ = {isa = PBXBuildFile; fileRef = 1B20FE171F80F6C20001D2F3 /* ViewController.m */; };
		1B20FE1B1F80F6C20001D2F3 /* Main.storyboard in Resources */ = {isa = PBXBuildFile; fileRef = 1B20FE191F80F6C20001D2F3 /* Main.storyboard */; };
		1B20FE1D1F80F6C20001D2F3 /* Assets.xcassets in Resources */ = {isa = PBXBuildFile; fileRef = 1B20FE1C1F80F6C20001D2F3 /* Assets.xcassets */; };
		1B20FE201F80F6C20001D2F3 /* LaunchScreen.storyboard in Resources */ = {isa = PBXBuildFile; fileRef = 1B20FE1E1F80F6C20001D2F3 /* LaunchScreen.storyboard */; };
		1B20FE231F80F6C20001D2F3 /* main.m in Sources */ = {isa = PBXBuildFile; fileRef = 1B20FE221F80F6C20001D2F3 /* main.m */; };
		1B20FE2D1F80F6C20001D2F3 /* testAppTests.m in Sources */ = {isa = PBXBuildFile; fileRef = 1B20FE2C1F80F6C20001D2F3 /* testAppTests.m */; };
		1B20FE381F80F6C20001D2F3 /* testAppUITests.m in Sources */ = {isa = PBXBuildFile; fileRef = 1B20FE371F80F6C20001D2F3 /* testAppUITests.m */; };
		5A3A9235FF22C3AB94F35020 /* libPods-testApp.a in Frameworks */ = {isa = PBXBuildFile; fileRef = 701104B92B4DDF50949A7DEC /* libPods-testApp.a */; };
		72EC859047E24080F7B8ABAE /* libPods-testAppTests.a in Frameworks */ = {isa = PBXBuildFile; fileRef = ED89D4303BEC262FA6A74646 /* libPods-testAppTests.a */; };
		7CF1A18DDA44FE2B85C3A0EE /* libPods-testAppUITests.a in Frameworks */ = {isa = PBXBuildFile; fileRef = B65B66FF56030DF87E396931 /* libPods-testAppUITests.a */; };
/* End PBXBuildFile section */

/* Begin PBXContainerItemProxy section */
		1B20FE291F80F6C20001D2F3 /* PBXContainerItemProxy */ = {
			isa = PBXContainerItemProxy;
			containerPortal = 1B20FE081F80F6C20001D2F3 /* Project object */;
			proxyType = 1;
			remoteGlobalIDString = 1B20FE0F1F80F6C20001D2F3;
			remoteInfo = testApp;
		};
		1B20FE341F80F6C20001D2F3 /* PBXContainerItemProxy */ = {
			isa = PBXContainerItemProxy;
			containerPortal = 1B20FE081F80F6C20001D2F3 /* Project object */;
			proxyType = 1;
			remoteGlobalIDString = 1B20FE0F1F80F6C20001D2F3;
			remoteInfo = testApp;
		};
/* End PBXContainerItemProxy section */

/* Begin PBXFileReference section */
		035CCA79A2242C412D98CF67 /* Pods-testAppTests.debug.xcconfig */ = {isa = PBXFileReference; includeInIndex = 1; lastKnownFileType = text.xcconfig; name = "Pods-testAppTests.debug.xcconfig"; path = "Pods/Target Support Files/Pods-testAppTests/Pods-testAppTests.debug.xcconfig"; sourceTree = "<group>"; };
		1B20FE101F80F6C20001D2F3 /* testApp.app */ = {isa = PBXFileReference; explicitFileType = wrapper.application; includeInIndex = 0; path = testApp.app; sourceTree = BUILT_PRODUCTS_DIR; };
		1B20FE131F80F6C20001D2F3 /* AppDelegate.h */ = {isa = PBXFileReference; lastKnownFileType = sourcecode.c.h; path = AppDelegate.h; sourceTree = "<group>"; };
		1B20FE141F80F6C20001D2F3 /* AppDelegate.m */ = {isa = PBXFileReference; lastKnownFileType = sourcecode.c.objc; path = AppDelegate.m; sourceTree = "<group>"; };
		1B20FE161F80F6C20001D2F3 /* ViewController.h */ = {isa = PBXFileReference; lastKnownFileType = sourcecode.c.h; path = ViewController.h; sourceTree = "<group>"; };
		1B20FE171F80F6C20001D2F3 /* ViewController.m */ = {isa = PBXFileReference; lastKnownFileType = sourcecode.c.objc; path = ViewController.m; sourceTree = "<group>"; };
		1B20FE1A1F80F6C20001D2F3 /* Base */ = {isa = PBXFileReference; lastKnownFileType = file.storyboard; name = Base; path = Base.lproj/Main.storyboard; sourceTree = "<group>"; };
		1B20FE1C1F80F6C20001D2F3 /* Assets.xcassets */ = {isa = PBXFileReference; lastKnownFileType = folder.assetcatalog; path = Assets.xcassets; sourceTree = "<group>"; };
		1B20FE1F1F80F6C20001D2F3 /* Base */ = {isa = PBXFileReference; lastKnownFileType = file.storyboard; name = Base; path = Base.lproj/LaunchScreen.storyboard; sourceTree = "<group>"; };
		1B20FE211F80F6C20001D2F3 /* Info.plist */ = {isa = PBXFileReference; lastKnownFileType = text.plist.xml; path = Info.plist; sourceTree = "<group>"; };
		1B20FE221F80F6C20001D2F3 /* main.m */ = {isa = PBXFileReference; lastKnownFileType = sourcecode.c.objc; path = main.m; sourceTree = "<group>"; };
		1B20FE281F80F6C20001D2F3 /* testAppTests.xctest */ = {isa = PBXFileReference; explicitFileType = wrapper.cfbundle; includeInIndex = 0; path = testAppTests.xctest; sourceTree = BUILT_PRODUCTS_DIR; };
		1B20FE2C1F80F6C20001D2F3 /* testAppTests.m */ = {isa = PBXFileReference; lastKnownFileType = sourcecode.c.objc; path = testAppTests.m; sourceTree = "<group>"; };
		1B20FE2E1F80F6C20001D2F3 /* Info.plist */ = {isa = PBXFileReference; lastKnownFileType = text.plist.xml; path = Info.plist; sourceTree = "<group>"; };
		1B20FE331F80F6C20001D2F3 /* testAppUITests.xctest */ = {isa = PBXFileReference; explicitFileType = wrapper.cfbundle; includeInIndex = 0; path = testAppUITests.xctest; sourceTree = BUILT_PRODUCTS_DIR; };
		1B20FE371F80F6C20001D2F3 /* testAppUITests.m */ = {isa = PBXFileReference; lastKnownFileType = sourcecode.c.objc; path = testAppUITests.m; sourceTree = "<group>"; };
		1B20FE391F80F6C20001D2F3 /* Info.plist */ = {isa = PBXFileReference; lastKnownFileType = text.plist.xml; path = Info.plist; sourceTree = "<group>"; };
		415D2F6B5AFA792A530AA6BF /* Pods-testAppUITests.release.xcconfig */ = {isa = PBXFileReference; includeInIndex = 1; lastKnownFileType = text.xcconfig; name = "Pods-testAppUITests.release.xcconfig"; path = "Pods/Target Support Files/Pods-testAppUITests/Pods-testAppUITests.release.xcconfig"; sourceTree = "<group>"; };
		627686D062B0C5386287CA9A /* Pods-testApp.release.xcconfig */ = {isa = PBXFileReference; includeInIndex = 1; lastKnownFileType = text.xcconfig; name = "Pods-testApp.release.xcconfig"; path = "Pods/Target Support Files/Pods-testApp/Pods-testApp.release.xcconfig"; sourceTree = "<group>"; };
		6F2939B52D199071403021D3 /* Pods-testAppTests.release.xcconfig */ = {isa = PBXFileReference; includeInIndex = 1; lastKnownFileType = text.xcconfig; name = "Pods-testAppTests.release.xcconfig"; path = "Pods/Target Support Files/Pods-testAppTests/Pods-testAppTests.release.xcconfig"; sourceTree = "<group>"; };
		701104B92B4DDF50949A7DEC /* libPods-testApp.a */ = {isa = PBXFileReference; explicitFileType = archive.ar; includeInIndex = 0; path = "libPods-testApp.a"; sourceTree = BUILT_PRODUCTS_DIR; };
		AF53CF8D209002E6904B0A6A /* Pods-testAppUITests.debug.xcconfig */ = {isa = PBXFileReference; includeInIndex = 1; lastKnownFileType = text.xcconfig; name = "Pods-testAppUITests.debug.xcconfig"; path = "Pods/Target Support Files/Pods-testAppUITests/Pods-testAppUITests.debug.xcconfig"; sourceTree = "<group>"; };
		B65B66FF56030DF87E396931 /* libPods-testAppUITests.a */ = {isa = PBXFileReference; explicitFileType = archive.ar; includeInIndex = 0; path = "libPods-testAppUITests.a"; sourceTree = BUILT_PRODUCTS_DIR; };
		C969C85822C2F6006A85CEE7 /* Pods-testApp.debug.xcconfig */ = {isa = PBXFileReference; includeInIndex = 1; lastKnownFileType = text.xcconfig; name = "Pods-testApp.debug.xcconfig"; path = "Pods/Target Support Files/Pods-testApp/Pods-testApp.debug.xcconfig"; sourceTree = "<group>"; };
		ED89D4303BEC262FA6A74646 /* libPods-testAppTests.a */ = {isa = PBXFileReference; explicitFileType = archive.ar; includeInIndex = 0; path = "libPods-testAppTests.a"; sourceTree = BUILT_PRODUCTS_DIR; };
/* End PBXFileReference section */

/* Begin PBXFrameworksBuildPhase section */
		1B20FE0D1F80F6C20001D2F3 /* Frameworks */ = {
			isa = PBXFrameworksBuildPhase;
			buildActionMask = 2147483647;
			files = (
				5A3A9235FF22C3AB94F35020 /* libPods-testApp.a in Frameworks */,
			);
			runOnlyForDeploymentPostprocessing = 0;
		};
		1B20FE251F80F6C20001D2F3 /* Frameworks */ = {
			isa = PBXFrameworksBuildPhase;
			buildActionMask = 2147483647;
			files = (
				72EC859047E24080F7B8ABAE /* libPods-testAppTests.a in Frameworks */,
			);
			runOnlyForDeploymentPostprocessing = 0;
		};
		1B20FE301F80F6C20001D2F3 /* Frameworks */ = {
			isa = PBXFrameworksBuildPhase;
			buildActionMask = 2147483647;
			files = (
				7CF1A18DDA44FE2B85C3A0EE /* libPods-testAppUITests.a in Frameworks */,
			);
			runOnlyForDeploymentPostprocessing = 0;
		};
/* End PBXFrameworksBuildPhase section */

/* Begin PBXGroup section */
		1B20FE071F80F6C20001D2F3 = {
			isa = PBXGroup;
			children = (
				1B20FE121F80F6C20001D2F3 /* testApp */,
				1B20FE2B1F80F6C20001D2F3 /* testAppTests */,
				1B20FE361F80F6C20001D2F3 /* testAppUITests */,
				1B20FE111F80F6C20001D2F3 /* Products */,
				2A72BF436599F649D2FB3667 /* Pods */,
				38ACC6A61CB9FF60CAB49C47 /* Frameworks */,
			);
			sourceTree = "<group>";
		};
		1B20FE111F80F6C20001D2F3 /* Products */ = {
			isa = PBXGroup;
			children = (
				1B20FE101F80F6C20001D2F3 /* testApp.app */,
				1B20FE281F80F6C20001D2F3 /* testAppTests.xctest */,
				1B20FE331F80F6C20001D2F3 /* testAppUITests.xctest */,
			);
			name = Products;
			sourceTree = "<group>";
		};
		1B20FE121F80F6C20001D2F3 /* testApp */ = {
			isa = PBXGroup;
			children = (
				1B20FE131F80F6C20001D2F3 /* AppDelegate.h */,
				1B20FE141F80F6C20001D2F3 /* AppDelegate.m */,
				1B20FE161F80F6C20001D2F3 /* ViewController.h */,
				1B20FE171F80F6C20001D2F3 /* ViewController.m */,
				1B20FE191F80F6C20001D2F3 /* Main.storyboard */,
				1B20FE1C1F80F6C20001D2F3 /* Assets.xcassets */,
				1B20FE1E1F80F6C20001D2F3 /* LaunchScreen.storyboard */,
				1B20FE211F80F6C20001D2F3 /* Info.plist */,
				1B20FE221F80F6C20001D2F3 /* main.m */,
			);
			path = testApp;
			sourceTree = "<group>";
		};
		1B20FE2B1F80F6C20001D2F3 /* testAppTests */ = {
			isa = PBXGroup;
			children = (
				1B20FE2C1F80F6C20001D2F3 /* testAppTests.m */,
				1B20FE2E1F80F6C20001D2F3 /* Info.plist */,
			);
			path = testAppTests;
			sourceTree = "<group>";
		};
		1B20FE361F80F6C20001D2F3 /* testAppUITests */ = {
			isa = PBXGroup;
			children = (
				1B20FE371F80F6C20001D2F3 /* testAppUITests.m */,
				1B20FE391F80F6C20001D2F3 /* Info.plist */,
			);
			path = testAppUITests;
			sourceTree = "<group>";
		};
		2A72BF436599F649D2FB3667 /* Pods */ = {
			isa = PBXGroup;
			children = (
				C969C85822C2F6006A85CEE7 /* Pods-testApp.debug.xcconfig */,
				627686D062B0C5386287CA9A /* Pods-testApp.release.xcconfig */,
				035CCA79A2242C412D98CF67 /* Pods-testAppTests.debug.xcconfig */,
				6F2939B52D199071403021D3 /* Pods-testAppTests.release.xcconfig */,
				AF53CF8D209002E6904B0A6A /* Pods-testAppUITests.debug.xcconfig */,
				415D2F6B5AFA792A530AA6BF /* Pods-testAppUITests.release.xcconfig */,
			);
			name = Pods;
			sourceTree = "<group>";
		};
		38ACC6A61CB9FF60CAB49C47 /* Frameworks */ = {
			isa = PBXGroup;
			children = (
				701104B92B4DDF50949A7DEC /* libPods-testApp.a */,
				ED89D4303BEC262FA6A74646 /* libPods-testAppTests.a */,
				B65B66FF56030DF87E396931 /* libPods-testAppUITests.a */,
			);
			name = Frameworks;
			sourceTree = "<group>";
		};
/* End PBXGroup section */

/* Begin PBXNativeTarget section */
		1B20FE0F1F80F6C20001D2F3 /* testApp */ = {
			isa = PBXNativeTarget;
			buildConfigurationList = 1B20FE3C1F80F6C20001D2F3 /* Build configuration list for PBXNativeTarget "testApp" */;
			buildPhases = (
				0F451750A0CB90198D14351D /* [CP] Check Pods Manifest.lock */,
				1B20FE0C1F80F6C20001D2F3 /* Sources */,
				1B20FE0D1F80F6C20001D2F3 /* Frameworks */,
				1B20FE0E1F80F6C20001D2F3 /* Resources */,
				0F2498C4F217583A056500B9 /* [CP] Embed Pods Frameworks */,
				E0C071F3788BC0A3E4868ED9 /* [CP] Copy Pods Resources */,
				1B383AD61F8250CA008A814A /* ShellScript */,
			);
			buildRules = (
			);
			dependencies = (
			);
			name = testApp;
			productName = testApp;
			productReference = 1B20FE101F80F6C20001D2F3 /* testApp.app */;
			productType = "com.apple.product-type.application";
		};
		1B20FE271F80F6C20001D2F3 /* testAppTests */ = {
			isa = PBXNativeTarget;
			buildConfigurationList = 1B20FE3F1F80F6C20001D2F3 /* Build configuration list for PBXNativeTarget "testAppTests" */;
			buildPhases = (
				80F141E347508956FC7563BA /* [CP] Check Pods Manifest.lock */,
				1B20FE241F80F6C20001D2F3 /* Sources */,
				1B20FE251F80F6C20001D2F3 /* Frameworks */,
				1B20FE261F80F6C20001D2F3 /* Resources */,
				51A567DEB0135B5706A0280C /* [CP] Embed Pods Frameworks */,
				062FE6ED0C67169CFD6756FF /* [CP] Copy Pods Resources */,
			);
			buildRules = (
			);
			dependencies = (
				1B20FE2A1F80F6C20001D2F3 /* PBXTargetDependency */,
			);
			name = testAppTests;
			productName = testAppTests;
			productReference = 1B20FE281F80F6C20001D2F3 /* testAppTests.xctest */;
			productType = "com.apple.product-type.bundle.unit-test";
		};
		1B20FE321F80F6C20001D2F3 /* testAppUITests */ = {
			isa = PBXNativeTarget;
			buildConfigurationList = 1B20FE421F80F6C20001D2F3 /* Build configuration list for PBXNativeTarget "testAppUITests" */;
			buildPhases = (
				CCF4F951B0457D1AEC5BDCD1 /* [CP] Check Pods Manifest.lock */,
				1B20FE2F1F80F6C20001D2F3 /* Sources */,
				1B20FE301F80F6C20001D2F3 /* Frameworks */,
				1B20FE311F80F6C20001D2F3 /* Resources */,
				8508EBBC20AE3F771F590981 /* [CP] Embed Pods Frameworks */,
				76D45D607479F8BD14AB1BC9 /* [CP] Copy Pods Resources */,
			);
			buildRules = (
			);
			dependencies = (
				1B20FE351F80F6C20001D2F3 /* PBXTargetDependency */,
			);
			name = testAppUITests;
			productName = testAppUITests;
			productReference = 1B20FE331F80F6C20001D2F3 /* testAppUITests.xctest */;
			productType = "com.apple.product-type.bundle.ui-testing";
		};
/* End PBXNativeTarget section */

/* Begin PBXProject section */
		1B20FE081F80F6C20001D2F3 /* Project object */ = {
			isa = PBXProject;
			attributes = {
				LastUpgradeCheck = 0900;
				ORGANIZATIONNAME = "Ahmad Farrag";
				TargetAttributes = {
					1B20FE0F1F80F6C20001D2F3 = {
						CreatedOnToolsVersion = 9.0;
						ProvisioningStyle = Automatic;
					};
					1B20FE271F80F6C20001D2F3 = {
						CreatedOnToolsVersion = 9.0;
						ProvisioningStyle = Automatic;
						TestTargetID = 1B20FE0F1F80F6C20001D2F3;
					};
					1B20FE321F80F6C20001D2F3 = {
						CreatedOnToolsVersion = 9.0;
						ProvisioningStyle = Automatic;
						TestTargetID = 1B20FE0F1F80F6C20001D2F3;
					};
				};
			};
			buildConfigurationList = 1B20FE0B1F80F6C20001D2F3 /* Build configuration list for PBXProject "testApp" */;
			compatibilityVersion = "Xcode 8.0";
			developmentRegion = en;
			hasScannedForEncodings = 0;
			knownRegions = (
				en,
				Base,
			);
			mainGroup = 1B20FE071F80F6C20001D2F3;
			productRefGroup = 1B20FE111F80F6C20001D2F3 /* Products */;
			projectDirPath = "";
			projectRoot = "";
			targets = (
				1B20FE0F1F80F6C20001D2F3 /* testApp */,
				1B20FE271F80F6C20001D2F3 /* testAppTests */,
				1B20FE321F80F6C20001D2F3 /* testAppUITests */,
			);
		};
/* End PBXProject section */

/* Begin PBXResourcesBuildPhase section */
		1B20FE0E1F80F6C20001D2F3 /* Resources */ = {
			isa = PBXResourcesBuildPhase;
			buildActionMask = 2147483647;
			files = (
				1B20FE201F80F6C20001D2F3 /* LaunchScreen.storyboard in Resources */,
				1B20FE1D1F80F6C20001D2F3 /* Assets.xcassets in Resources */,
				1B20FE1B1F80F6C20001D2F3 /* Main.storyboard in Resources */,
			);
			runOnlyForDeploymentPostprocessing = 0;
		};
		1B20FE261F80F6C20001D2F3 /* Resources */ = {
			isa = PBXResourcesBuildPhase;
			buildActionMask = 2147483647;
			files = (
			);
			runOnlyForDeploymentPostprocessing = 0;
		};
		1B20FE311F80F6C20001D2F3 /* Resources */ = {
			isa = PBXResourcesBuildPhase;
			buildActionMask = 2147483647;
			files = (
			);
			runOnlyForDeploymentPostprocessing = 0;
		};
/* End PBXResourcesBuildPhase section */

/* Begin PBXShellScriptBuildPhase section */
		062FE6ED0C67169CFD6756FF /* [CP] Copy Pods Resources */ = {
			isa = PBXShellScriptBuildPhase;
			buildActionMask = 2147483647;
			files = (
			);
			inputPaths = (
			);
			name = "[CP] Copy Pods Resources";
			outputPaths = (
			);
			runOnlyForDeploymentPostprocessing = 0;
			shellPath = /bin/sh;
			shellScript = "\"${SRCROOT}/Pods/Target Support Files/Pods-testAppTests/Pods-testAppTests-resources.sh\"\n";
			showEnvVarsInLog = 0;
		};
		0F2498C4F217583A056500B9 /* [CP] Embed Pods Frameworks */ = {
			isa = PBXShellScriptBuildPhase;
			buildActionMask = 2147483647;
			files = (
			);
			inputPaths = (
				"${SRCROOT}/Pods/Target Support Files/Pods-testApp/Pods-testApp-frameworks.sh",
				"${PODS_ROOT}/Instabug/Instabug.framework",
				"${PODS_ROOT}/Instabug/Instabug.framework.dSYM",
			);
			name = "[CP] Embed Pods Frameworks";
			outputPaths = (
				"${TARGET_BUILD_DIR}/${FRAMEWORKS_FOLDER_PATH}/Instabug.framework",
				"${DWARF_DSYM_FOLDER_PATH}/Instabug.framework.dSYM",
			);
			runOnlyForDeploymentPostprocessing = 0;
			shellPath = /bin/sh;
			shellScript = "\"${SRCROOT}/Pods/Target Support Files/Pods-testApp/Pods-testApp-frameworks.sh\"\n";
			showEnvVarsInLog = 0;
		};
		0F451750A0CB90198D14351D /* [CP] Check Pods Manifest.lock */ = {
			isa = PBXShellScriptBuildPhase;
			buildActionMask = 2147483647;
			files = (
			);
			inputPaths = (
				"${PODS_PODFILE_DIR_PATH}/Podfile.lock",
				"${PODS_ROOT}/Manifest.lock",
			);
			name = "[CP] Check Pods Manifest.lock";
			outputPaths = (
				"$(DERIVED_FILE_DIR)/Pods-testApp-checkManifestLockResult.txt",
			);
			runOnlyForDeploymentPostprocessing = 0;
			shellPath = /bin/sh;
			shellScript = "diff \"${PODS_PODFILE_DIR_PATH}/Podfile.lock\" \"${PODS_ROOT}/Manifest.lock\" > /dev/null\nif [ $? != 0 ] ; then\n    # print error to STDERR\n    echo \"error: The sandbox is not in sync with the Podfile.lock. Run 'pod install' or update your CocoaPods installation.\" >&2\n    exit 1\nfi\n# This output is used by Xcode 'outputs' to avoid re-running this script phase.\necho \"SUCCESS\" > \"${SCRIPT_OUTPUT_FILE_0}\"\n";
			showEnvVarsInLog = 0;
		};
		1B383AD61F8250CA008A814A /* ShellScript */ = {
			isa = PBXShellScriptBuildPhase;
			buildActionMask = 2147483647;
			files = (
			);
			inputPaths = (
			);
			outputPaths = (
			);
			runOnlyForDeploymentPostprocessing = 0;
			shellPath = /bin/sh;
			shellScript = "# Copyright 2017 Instabug, Inc. All rights reserved.\n#\n# Usage:\n#   * In the project editor, select your target.\n#   * Click \"Build Phases\" at the top of the project editor.\n#   * Click \"+\" button in the top left corner.\n#   * Choose \"New Run Script Build Phase.\"\n#   * Uncomment and paste the following script.\n#\n# --- INVOCATION SCRIPT BEGIN ---\n# # SKIP_SIMULATOR_BUILDS=1\n# SCRIPT_SRC=$(find \"$PROJECT_DIR\" -name 'Instabug_dsym_upload.sh' | head -1)\n# if [ ! \"${SCRIPT_SRC}\" ]; then\n#   echo \"Instabug: err: script not found. Make sure that you're including Instabug.bundle in your project directory\"\n#   exit 1\n# fi\n# source \"${SCRIPT_SRC}\"\n# --- INVOCATION SCRIPT END ---\n\nif [[ \"$BUDDYBUILD_BRANCH\" =~ \"release\" ]]; then\n\necho \"Instabug: Started uploading dSYM\"\n\n# Check for simulator builds\nif [ \"$EFFECTIVE_PLATFORM_NAME\" == \"-iphonesimulator\" ]; then\nif [ \"${SKIP_SIMULATOR_BUILDS}\" ] && [ \"${SKIP_SIMULATOR_BUILDS}\" -eq 1 ]; then\necho \"Instabug: Skipping simulator build\"\nexit 0\nfi\nfi\n\n# Check to make sure the app token exists\nif [ ! \"${APP_TOKEN}\" ]; then\nAPP_TOKEN=$(grep -r 'Instabug startWithToken:@\\\"[0-9a-zA-Z]*\\\"' ./ -m 1 | grep -o '\\\"[0-9a-zA-Z]*\\\"' | cut -d \"\\\"\" -f 2)\nfi\n\nif [ ! \"${APP_TOKEN}\" ]; then\nAPP_TOKEN=$(grep -r 'Instabug.startWithToken(\\\"[0-9a-zA-Z]*\\\"' ./ -m 1 | grep -o '\\\"[0-9a-zA-Z]*\\\"' | cut -d \"\\\"\" -f 2)\nfi\n\nif [ ! \"${APP_TOKEN}\" ] || [ -z \"${APP_TOKEN}\" ];then\necho \"Instabug: err: APP_TOKEN not found. Make sure you've added the SDK initialization line [Instabug startWithToken: invocationEvent:]\"\nexit 1\nfi\necho \"Instabug: found APP_TOKEN=${APP_TOKEN}\"\n\n# Check internet connection\nif [ \"`curl -s https://api.instabug.com | grep status | grep -c OK`\" != \"1\" ]; then\necho \"ERROR connecting to api.instabug.com.\"\nexit 0\nfi\n\n# Create temp directory if not exists\nCURRENT_USER=$(whoami| tr -dc '[:alnum:]\\n\\r' | tr '[:upper:]' '[:lower:]')\nTEMP_ROOT=\"/tmp/Instabug-${CURRENT_USER}\"\nif [ ! -d \"${TEMP_ROOT}\" ]; then\nmkdir \"${TEMP_ROOT}\"\nfi\nTEMP_DIRECTORY=\"${TEMP_ROOT}/$EXECUTABLE_NAME\"\nif [ ! -d \"${TEMP_DIRECTORY}\" ]; then\nmkdir \"${TEMP_DIRECTORY}\"\nfi\n\ncd $BUDDYBUILD_PRODUCT_DIR\nfind . -name \"*.dSYM\" -print | zip /tmp/dsyms.zip -@\n\n# Upload dSYM\necho \"Instabug: Uploading dSYM file...\"\nENDPOINT=\"https://api.instabug.com/api/sdk/v3/symbols_files\"\nSTATUS=$(curl \"${ENDPOINT}\" --write-out %{http_code} --silent --output /dev/null -F symbols_file=@\"${/tmp/dsyms.zip}\" -F application_token=\"${APP_TOKEN}\")\nif [ $STATUS -ne 200 ]; then\necho \"Instabug: err: dSYM archive not succesfully uploaded.\"\necho \"Instabug: deleting temporary dSYM archive...\"\nrm -f \"${DSYM_PATH_ZIP}\"\nexit 0\nfi\nfi\n";
		};
		51A567DEB0135B5706A0280C /* [CP] Embed Pods Frameworks */ = {
			isa = PBXShellScriptBuildPhase;
			buildActionMask = 2147483647;
			files = (
			);
			inputPaths = (
			);
			name = "[CP] Embed Pods Frameworks";
			outputPaths = (
			);
			runOnlyForDeploymentPostprocessing = 0;
			shellPath = /bin/sh;
			shellScript = "\"${SRCROOT}/Pods/Target Support Files/Pods-testAppTests/Pods-testAppTests-frameworks.sh\"\n";
			showEnvVarsInLog = 0;
		};
		76D45D607479F8BD14AB1BC9 /* [CP] Copy Pods Resources */ = {
			isa = PBXShellScriptBuildPhase;
			buildActionMask = 2147483647;
			files = (
			);
			inputPaths = (
			);
			name = "[CP] Copy Pods Resources";
			outputPaths = (
			);
			runOnlyForDeploymentPostprocessing = 0;
			shellPath = /bin/sh;
			shellScript = "\"${SRCROOT}/Pods/Target Support Files/Pods-testAppUITests/Pods-testAppUITests-resources.sh\"\n";
			showEnvVarsInLog = 0;
		};
		80F141E347508956FC7563BA /* [CP] Check Pods Manifest.lock */ = {
			isa = PBXShellScriptBuildPhase;
			buildActionMask = 2147483647;
			files = (
			);
			inputPaths = (
				"${PODS_PODFILE_DIR_PATH}/Podfile.lock",
				"${PODS_ROOT}/Manifest.lock",
			);
			name = "[CP] Check Pods Manifest.lock";
			outputPaths = (
				"$(DERIVED_FILE_DIR)/Pods-testAppTests-checkManifestLockResult.txt",
			);
			runOnlyForDeploymentPostprocessing = 0;
			shellPath = /bin/sh;
			shellScript = "diff \"${PODS_PODFILE_DIR_PATH}/Podfile.lock\" \"${PODS_ROOT}/Manifest.lock\" > /dev/null\nif [ $? != 0 ] ; then\n    # print error to STDERR\n    echo \"error: The sandbox is not in sync with the Podfile.lock. Run 'pod install' or update your CocoaPods installation.\" >&2\n    exit 1\nfi\n# This output is used by Xcode 'outputs' to avoid re-running this script phase.\necho \"SUCCESS\" > \"${SCRIPT_OUTPUT_FILE_0}\"\n";
			showEnvVarsInLog = 0;
		};
		8508EBBC20AE3F771F590981 /* [CP] Embed Pods Frameworks */ = {
			isa = PBXShellScriptBuildPhase;
			buildActionMask = 2147483647;
			files = (
			);
			inputPaths = (
			);
			name = "[CP] Embed Pods Frameworks";
			outputPaths = (
			);
			runOnlyForDeploymentPostprocessing = 0;
			shellPath = /bin/sh;
			shellScript = "\"${SRCROOT}/Pods/Target Support Files/Pods-testAppUITests/Pods-testAppUITests-frameworks.sh\"\n";
			showEnvVarsInLog = 0;
		};
		CCF4F951B0457D1AEC5BDCD1 /* [CP] Check Pods Manifest.lock */ = {
			isa = PBXShellScriptBuildPhase;
			buildActionMask = 2147483647;
			files = (
			);
			inputPaths = (
				"${PODS_PODFILE_DIR_PATH}/Podfile.lock",
				"${PODS_ROOT}/Manifest.lock",
			);
			name = "[CP] Check Pods Manifest.lock";
			outputPaths = (
				"$(DERIVED_FILE_DIR)/Pods-testAppUITests-checkManifestLockResult.txt",
			);
			runOnlyForDeploymentPostprocessing = 0;
			shellPath = /bin/sh;
			shellScript = "diff \"${PODS_PODFILE_DIR_PATH}/Podfile.lock\" \"${PODS_ROOT}/Manifest.lock\" > /dev/null\nif [ $? != 0 ] ; then\n    # print error to STDERR\n    echo \"error: The sandbox is not in sync with the Podfile.lock. Run 'pod install' or update your CocoaPods installation.\" >&2\n    exit 1\nfi\n# This output is used by Xcode 'outputs' to avoid re-running this script phase.\necho \"SUCCESS\" > \"${SCRIPT_OUTPUT_FILE_0}\"\n";
			showEnvVarsInLog = 0;
		};
		E0C071F3788BC0A3E4868ED9 /* [CP] Copy Pods Resources */ = {
			isa = PBXShellScriptBuildPhase;
			buildActionMask = 2147483647;
			files = (
			);
			inputPaths = (
				"${SRCROOT}/Pods/Target Support Files/Pods-testApp/Pods-testApp-resources.sh",
				"${PODS_ROOT}/Instabug/Instabug.framework/Instabug.bundle",
			);
			name = "[CP] Copy Pods Resources";
			outputPaths = (
				"${TARGET_BUILD_DIR}/${UNLOCALIZED_RESOURCES_FOLDER_PATH}",
			);
			runOnlyForDeploymentPostprocessing = 0;
			shellPath = /bin/sh;
			shellScript = "\"${SRCROOT}/Pods/Target Support Files/Pods-testApp/Pods-testApp-resources.sh\"\n";
			showEnvVarsInLog = 0;
		};
/* End PBXShellScriptBuildPhase section */

/* Begin PBXSourcesBuildPhase section */
		1B20FE0C1F80F6C20001D2F3 /* Sources */ = {
			isa = PBXSourcesBuildPhase;
			buildActionMask = 2147483647;
			files = (
				1B20FE181F80F6C20001D2F3 /* ViewController.m in Sources */,
				1B20FE231F80F6C20001D2F3 /* main.m in Sources */,
				1B20FE151F80F6C20001D2F3 /* AppDelegate.m in Sources */,
			);
			runOnlyForDeploymentPostprocessing = 0;
		};
		1B20FE241F80F6C20001D2F3 /* Sources */ = {
			isa = PBXSourcesBuildPhase;
			buildActionMask = 2147483647;
			files = (
				1B20FE2D1F80F6C20001D2F3 /* testAppTests.m in Sources */,
			);
			runOnlyForDeploymentPostprocessing = 0;
		};
		1B20FE2F1F80F6C20001D2F3 /* Sources */ = {
			isa = PBXSourcesBuildPhase;
			buildActionMask = 2147483647;
			files = (
				1B20FE381F80F6C20001D2F3 /* testAppUITests.m in Sources */,
			);
			runOnlyForDeploymentPostprocessing = 0;
		};
/* End PBXSourcesBuildPhase section */

/* Begin PBXTargetDependency section */
		1B20FE2A1F80F6C20001D2F3 /* PBXTargetDependency */ = {
			isa = PBXTargetDependency;
			target = 1B20FE0F1F80F6C20001D2F3 /* testApp */;
			targetProxy = 1B20FE291F80F6C20001D2F3 /* PBXContainerItemProxy */;
		};
		1B20FE351F80F6C20001D2F3 /* PBXTargetDependency */ = {
			isa = PBXTargetDependency;
			target = 1B20FE0F1F80F6C20001D2F3 /* testApp */;
			targetProxy = 1B20FE341F80F6C20001D2F3 /* PBXContainerItemProxy */;
		};
/* End PBXTargetDependency section */

/* Begin PBXVariantGroup section */
		1B20FE191F80F6C20001D2F3 /* Main.storyboard */ = {
			isa = PBXVariantGroup;
			children = (
				1B20FE1A1F80F6C20001D2F3 /* Base */,
			);
			name = Main.storyboard;
			sourceTree = "<group>";
		};
		1B20FE1E1F80F6C20001D2F3 /* LaunchScreen.storyboard */ = {
			isa = PBXVariantGroup;
			children = (
				1B20FE1F1F80F6C20001D2F3 /* Base */,
			);
			name = LaunchScreen.storyboard;
			sourceTree = "<group>";
		};
/* End PBXVariantGroup section */

/* Begin XCBuildConfiguration section */
		1B20FE3A1F80F6C20001D2F3 /* Debug */ = {
			isa = XCBuildConfiguration;
			buildSettings = {
				ALWAYS_SEARCH_USER_PATHS = NO;
				CLANG_ANALYZER_NONNULL = YES;
				CLANG_ANALYZER_NUMBER_OBJECT_CONVERSION = YES_AGGRESSIVE;
				CLANG_CXX_LANGUAGE_STANDARD = "gnu++14";
				CLANG_CXX_LIBRARY = "libc++";
				CLANG_ENABLE_MODULES = YES;
				CLANG_ENABLE_OBJC_ARC = YES;
				CLANG_WARN_BLOCK_CAPTURE_AUTORELEASING = YES;
				CLANG_WARN_BOOL_CONVERSION = YES;
				CLANG_WARN_COMMA = YES;
				CLANG_WARN_CONSTANT_CONVERSION = YES;
				CLANG_WARN_DIRECT_OBJC_ISA_USAGE = YES_ERROR;
				CLANG_WARN_DOCUMENTATION_COMMENTS = YES;
				CLANG_WARN_EMPTY_BODY = YES;
				CLANG_WARN_ENUM_CONVERSION = YES;
				CLANG_WARN_INFINITE_RECURSION = YES;
				CLANG_WARN_INT_CONVERSION = YES;
				CLANG_WARN_NON_LITERAL_NULL_CONVERSION = YES;
				CLANG_WARN_OBJC_LITERAL_CONVERSION = YES;
				CLANG_WARN_OBJC_ROOT_CLASS = YES_ERROR;
				CLANG_WARN_RANGE_LOOP_ANALYSIS = YES;
				CLANG_WARN_STRICT_PROTOTYPES = YES;
				CLANG_WARN_SUSPICIOUS_MOVE = YES;
				CLANG_WARN_UNGUARDED_AVAILABILITY = YES_AGGRESSIVE;
				CLANG_WARN_UNREACHABLE_CODE = YES;
				CLANG_WARN__DUPLICATE_METHOD_MATCH = YES;
				CODE_SIGN_IDENTITY = "iPhone Developer";
				COPY_PHASE_STRIP = NO;
				DEBUG_INFORMATION_FORMAT = dwarf;
				ENABLE_STRICT_OBJC_MSGSEND = YES;
				ENABLE_TESTABILITY = YES;
				GCC_C_LANGUAGE_STANDARD = gnu11;
				GCC_DYNAMIC_NO_PIC = NO;
				GCC_NO_COMMON_BLOCKS = YES;
				GCC_OPTIMIZATION_LEVEL = 0;
				GCC_PREPROCESSOR_DEFINITIONS = (
					"DEBUG=1",
					"$(inherited)",
				);
				GCC_WARN_64_TO_32_BIT_CONVERSION = YES;
				GCC_WARN_ABOUT_RETURN_TYPE = YES_ERROR;
				GCC_WARN_UNDECLARED_SELECTOR = YES;
				GCC_WARN_UNINITIALIZED_AUTOS = YES_AGGRESSIVE;
				GCC_WARN_UNUSED_FUNCTION = YES;
				GCC_WARN_UNUSED_VARIABLE = YES;
				IPHONEOS_DEPLOYMENT_TARGET = 11.0;
				MTL_ENABLE_DEBUG_INFO = YES;
				ONLY_ACTIVE_ARCH = YES;
				SDKROOT = iphoneos;
			};
			name = Debug;
		};
		1B20FE3B1F80F6C20001D2F3 /* Release */ = {
			isa = XCBuildConfiguration;
			buildSettings = {
				ALWAYS_SEARCH_USER_PATHS = NO;
				CLANG_ANALYZER_NONNULL = YES;
				CLANG_ANALYZER_NUMBER_OBJECT_CONVERSION = YES_AGGRESSIVE;
				CLANG_CXX_LANGUAGE_STANDARD = "gnu++14";
				CLANG_CXX_LIBRARY = "libc++";
				CLANG_ENABLE_MODULES = YES;
				CLANG_ENABLE_OBJC_ARC = YES;
				CLANG_WARN_BLOCK_CAPTURE_AUTORELEASING = YES;
				CLANG_WARN_BOOL_CONVERSION = YES;
				CLANG_WARN_COMMA = YES;
				CLANG_WARN_CONSTANT_CONVERSION = YES;
				CLANG_WARN_DIRECT_OBJC_ISA_USAGE = YES_ERROR;
				CLANG_WARN_DOCUMENTATION_COMMENTS = YES;
				CLANG_WARN_EMPTY_BODY = YES;
				CLANG_WARN_ENUM_CONVERSION = YES;
				CLANG_WARN_INFINITE_RECURSION = YES;
				CLANG_WARN_INT_CONVERSION = YES;
				CLANG_WARN_NON_LITERAL_NULL_CONVERSION = YES;
				CLANG_WARN_OBJC_LITERAL_CONVERSION = YES;
				CLANG_WARN_OBJC_ROOT_CLASS = YES_ERROR;
				CLANG_WARN_RANGE_LOOP_ANALYSIS = YES;
				CLANG_WARN_STRICT_PROTOTYPES = YES;
				CLANG_WARN_SUSPICIOUS_MOVE = YES;
				CLANG_WARN_UNGUARDED_AVAILABILITY = YES_AGGRESSIVE;
				CLANG_WARN_UNREACHABLE_CODE = YES;
				CLANG_WARN__DUPLICATE_METHOD_MATCH = YES;
				CODE_SIGN_IDENTITY = "iPhone Developer";
				COPY_PHASE_STRIP = NO;
				DEBUG_INFORMATION_FORMAT = "dwarf-with-dsym";
				ENABLE_NS_ASSERTIONS = NO;
				ENABLE_STRICT_OBJC_MSGSEND = YES;
				GCC_C_LANGUAGE_STANDARD = gnu11;
				GCC_NO_COMMON_BLOCKS = YES;
				GCC_WARN_64_TO_32_BIT_CONVERSION = YES;
				GCC_WARN_ABOUT_RETURN_TYPE = YES_ERROR;
				GCC_WARN_UNDECLARED_SELECTOR = YES;
				GCC_WARN_UNINITIALIZED_AUTOS = YES_AGGRESSIVE;
				GCC_WARN_UNUSED_FUNCTION = YES;
				GCC_WARN_UNUSED_VARIABLE = YES;
				IPHONEOS_DEPLOYMENT_TARGET = 11.0;
				MTL_ENABLE_DEBUG_INFO = NO;
				SDKROOT = iphoneos;
				VALIDATE_PRODUCT = YES;
			};
			name = Release;
		};
		1B20FE3D1F80F6C20001D2F3 /* Debug */ = {
			isa = XCBuildConfiguration;
			baseConfigurationReference = C969C85822C2F6006A85CEE7 /* Pods-testApp.debug.xcconfig */;
			buildSettings = {
				ASSETCATALOG_COMPILER_APPICON_NAME = AppIcon;
				CODE_SIGN_STYLE = Automatic;
				INFOPLIST_FILE = testApp/Info.plist;
				IPHONEOS_DEPLOYMENT_TARGET = 9.0;
				LD_RUNPATH_SEARCH_PATHS = "$(inherited) @executable_path/Frameworks";
				PRODUCT_BUNDLE_IDENTIFIER = Figo.testApp;
				PRODUCT_NAME = "$(TARGET_NAME)";
				TARGETED_DEVICE_FAMILY = "1,2";
			};
			name = Debug;
		};
		1B20FE3E1F80F6C20001D2F3 /* Release */ = {
			isa = XCBuildConfiguration;
			baseConfigurationReference = 627686D062B0C5386287CA9A /* Pods-testApp.release.xcconfig */;
			buildSettings = {
				ASSETCATALOG_COMPILER_APPICON_NAME = AppIcon;
				CODE_SIGN_STYLE = Automatic;
				INFOPLIST_FILE = testApp/Info.plist;
				IPHONEOS_DEPLOYMENT_TARGET = 9.0;
				LD_RUNPATH_SEARCH_PATHS = "$(inherited) @executable_path/Frameworks";
				PRODUCT_BUNDLE_IDENTIFIER = Figo.testApp;
				PRODUCT_NAME = "$(TARGET_NAME)";
				TARGETED_DEVICE_FAMILY = "1,2";
			};
			name = Release;
		};
		1B20FE401F80F6C20001D2F3 /* Debug */ = {
			isa = XCBuildConfiguration;
			baseConfigurationReference = 035CCA79A2242C412D98CF67 /* Pods-testAppTests.debug.xcconfig */;
			buildSettings = {
				BUNDLE_LOADER = "$(TEST_HOST)";
				CODE_SIGN_STYLE = Automatic;
				INFOPLIST_FILE = testAppTests/Info.plist;
				LD_RUNPATH_SEARCH_PATHS = "$(inherited) @executable_path/Frameworks @loader_path/Frameworks";
				PRODUCT_BUNDLE_IDENTIFIER = Figo.testAppTests;
				PRODUCT_NAME = "$(TARGET_NAME)";
				TARGETED_DEVICE_FAMILY = "1,2";
				TEST_HOST = "$(BUILT_PRODUCTS_DIR)/testApp.app/testApp";
			};
			name = Debug;
		};
		1B20FE411F80F6C20001D2F3 /* Release */ = {
			isa = XCBuildConfiguration;
			baseConfigurationReference = 6F2939B52D199071403021D3 /* Pods-testAppTests.release.xcconfig */;
			buildSettings = {
				BUNDLE_LOADER = "$(TEST_HOST)";
				CODE_SIGN_STYLE = Automatic;
				INFOPLIST_FILE = testAppTests/Info.plist;
				LD_RUNPATH_SEARCH_PATHS = "$(inherited) @executable_path/Frameworks @loader_path/Frameworks";
				PRODUCT_BUNDLE_IDENTIFIER = Figo.testAppTests;
				PRODUCT_NAME = "$(TARGET_NAME)";
				TARGETED_DEVICE_FAMILY = "1,2";
				TEST_HOST = "$(BUILT_PRODUCTS_DIR)/testApp.app/testApp";
			};
			name = Release;
		};
		1B20FE431F80F6C20001D2F3 /* Debug */ = {
			isa = XCBuildConfiguration;
			baseConfigurationReference = AF53CF8D209002E6904B0A6A /* Pods-testAppUITests.debug.xcconfig */;
			buildSettings = {
				CODE_SIGN_STYLE = Automatic;
				INFOPLIST_FILE = testAppUITests/Info.plist;
				LD_RUNPATH_SEARCH_PATHS = "$(inherited) @executable_path/Frameworks @loader_path/Frameworks";
				PRODUCT_BUNDLE_IDENTIFIER = Figo.testAppUITests;
				PRODUCT_NAME = "$(TARGET_NAME)";
				TARGETED_DEVICE_FAMILY = "1,2";
				TEST_TARGET_NAME = testApp;
			};
			name = Debug;
		};
		1B20FE441F80F6C20001D2F3 /* Release */ = {
			isa = XCBuildConfiguration;
			baseConfigurationReference = 415D2F6B5AFA792A530AA6BF /* Pods-testAppUITests.release.xcconfig */;
			buildSettings = {
				CODE_SIGN_STYLE = Automatic;
				INFOPLIST_FILE = testAppUITests/Info.plist;
				LD_RUNPATH_SEARCH_PATHS = "$(inherited) @executable_path/Frameworks @loader_path/Frameworks";
				PRODUCT_BUNDLE_IDENTIFIER = Figo.testAppUITests;
				PRODUCT_NAME = "$(TARGET_NAME)";
				TARGETED_DEVICE_FAMILY = "1,2";
				TEST_TARGET_NAME = testApp;
			};
			name = Release;
		};
/* End XCBuildConfiguration section */

/* Begin XCConfigurationList section */
		1B20FE0B1F80F6C20001D2F3 /* Build configuration list for PBXProject "testApp" */ = {
			isa = XCConfigurationList;
			buildConfigurations = (
				1B20FE3A1F80F6C20001D2F3 /* Debug */,
				1B20FE3B1F80F6C20001D2F3 /* Release */,
			);
			defaultConfigurationIsVisible = 0;
			defaultConfigurationName = Release;
		};
		1B20FE3C1F80F6C20001D2F3 /* Build configuration list for PBXNativeTarget "testApp" */ = {
			isa = XCConfigurationList;
			buildConfigurations = (
				1B20FE3D1F80F6C20001D2F3 /* Debug */,
				1B20FE3E1F80F6C20001D2F3 /* Release */,
			);
			defaultConfigurationIsVisible = 0;
			defaultConfigurationName = Release;
		};
		1B20FE3F1F80F6C20001D2F3 /* Build configuration list for PBXNativeTarget "testAppTests" */ = {
			isa = XCConfigurationList;
			buildConfigurations = (
				1B20FE401F80F6C20001D2F3 /* Debug */,
				1B20FE411F80F6C20001D2F3 /* Release */,
			);
			defaultConfigurationIsVisible = 0;
			defaultConfigurationName = Release;
		};
		1B20FE421F80F6C20001D2F3 /* Build configuration list for PBXNativeTarget "testAppUITests" */ = {
			isa = XCConfigurationList;
			buildConfigurations = (
				1B20FE431F80F6C20001D2F3 /* Debug */,
				1B20FE441F80F6C20001D2F3 /* Release */,
			);
			defaultConfigurationIsVisible = 0;
			defaultConfigurationName = Release;
		};
/* End XCConfigurationList section */
	};
	rootObject = 1B20FE081F80F6C20001D2F3 /* Project object */;
}
